
Microsoft Visual Studio Solution File, Format Version 12.00
# Visual Studio Version 17
VisualStudioVersion = 17.9.34622.214
MinimumVisualStudioVersion = 10.0.40219.1
Project("{FAE04EC0-301F-11D3-BF4B-00C04F79EFBC}") = "MvcMoviePai", "MvcMoviePai\MvcMoviePai.csproj", "{B675441E-5D53-4BA3-8830-FA5A1614E3D6}"
EndProject
Global
	GlobalSection(SolutionConfigurationPlatforms) = preSolution
		Debug|Any CPU = Debug|Any CPU
		Release|Any CPU = Release|Any CPU
	EndGlobalSection
	GlobalSection(ProjectConfigurationPlatforms) = postSolution
		{B675441E-5D53-4BA3-8830-FA5A1614E3D6}.Debug|Any CPU.ActiveCfg = Debug|Any CPU
		{B675441E-5D53-4BA3-8830-FA5A1614E3D6}.Debug|Any CPU.Build.0 = Debug|Any CPU
		{B675441E-5D53-4BA3-8830-FA5A1614E3D6}.Release|Any CPU.ActiveCfg = Release|Any CPU
		{B675441E-5D53-4BA3-8830-FA5A1614E3D6}.Release|Any CPU.Build.0 = Release|Any CPU
	EndGlobalSection
	GlobalSection(SolutionProperties) = preSolution
		HideSolutionNode = FALSE
	EndGlobalSection
	GlobalSection(ExtensibilityGlobals) = postSolution
		SolutionGuid = {3EA894EA-D60B-46EF-8439-8C1CDDE116F9}
	EndGlobalSection
EndGlobal
